
Microsoft Visual Studio Solution File, Format Version 12.00
# Visual Studio Version 17
VisualStudioVersion = 17.5.33530.505
MinimumVisualStudioVersion = 10.0.40219.1
Project("{FAE04EC0-301F-11D3-BF4B-00C04F79EFBC}") = "BarterSystem", "BarterSystem\BarterSystem.csproj", "{711C07F1-3B2C-46AD-9E74-A13AA7667B3F}"
EndProject
Global
	GlobalSection(SolutionConfigurationPlatforms) = preSolution
		Debug|Any CPU = Debug|Any CPU
		Release|Any CPU = Release|Any CPU
	EndGlobalSection
	GlobalSection(ProjectConfigurationPlatforms) = postSolution
		{711C07F1-3B2C-46AD-9E74-A13AA7667B3F}.Debug|Any CPU.ActiveCfg = Debug|Any CPU
		{711C07F1-3B2C-46AD-9E74-A13AA7667B3F}.Debug|Any CPU.Build.0 = Debug|Any CPU
		{711C07F1-3B2C-46AD-9E74-A13AA7667B3F}.Release|Any CPU.ActiveCfg = Release|Any CPU
		{711C07F1-3B2C-46AD-9E74-A13AA7667B3F}.Release|Any CPU.Build.0 = Release|Any CPU
	EndGlobalSection
	GlobalSection(SolutionProperties) = preSolution
		HideSolutionNode = FALSE
	EndGlobalSection
	GlobalSection(ExtensibilityGlobals) = postSolution
		SolutionGuid = {94867636-D9A8-4897-8B0A-F39BE8F4B968}
	EndGlobalSection
EndGlobal
